// !$*UTF8*$!
{
	archiveVersion = 1;
	classes = {
	};
	objectVersion = 46;
	objects = {

/* Begin PBXBuildFile section */
		7072645915CE0F68001F9FBF /* UIKit.framework in Frameworks */ = {isa = PBXBuildFile; fileRef = 7072645815CE0F68001F9FBF /* UIKit.framework */; };
		7072645B15CE0F68001F9FBF /* Foundation.framework in Frameworks */ = {isa = PBXBuildFile; fileRef = 7072645A15CE0F68001F9FBF /* Foundation.framework */; };
		7072645D15CE0F68001F9FBF /* CoreGraphics.framework in Frameworks */ = {isa = PBXBuildFile; fileRef = 7072645C15CE0F68001F9FBF /* CoreGraphics.framework */; };
		7072646315CE0F68001F9FBF /* InfoPlist.strings in Resources */ = {isa = PBXBuildFile; fileRef = 7072646115CE0F68001F9FBF /* InfoPlist.strings */; };
		7072646515CE0F68001F9FBF /* main.m in Sources */ = {isa = PBXBuildFile; fileRef = 7072646415CE0F68001F9FBF /* main.m */; };
		7072646915CE0F68001F9FBF /* AppDelegate.m in Sources */ = {isa = PBXBuildFile; fileRef = 7072646815CE0F68001F9FBF /* AppDelegate.m */; };
		7072646C15CE0F68001F9FBF /* ViewController.m in Sources */ = {isa = PBXBuildFile; fileRef = 7072646B15CE0F68001F9FBF /* ViewController.m */; };
		7072646F15CE0F68001F9FBF /* ViewController.xib in Resources */ = {isa = PBXBuildFile; fileRef = 7072646D15CE0F68001F9FBF /* ViewController.xib */; };
		7072647715CE0F68001F9FBF /* SenTestingKit.framework in Frameworks */ = {isa = PBXBuildFile; fileRef = 7072647615CE0F68001F9FBF /* SenTestingKit.framework */; };
		7072647815CE0F68001F9FBF /* UIKit.framework in Frameworks */ = {isa = PBXBuildFile; fileRef = 7072645815CE0F68001F9FBF /* UIKit.framework */; };
		7072647915CE0F68001F9FBF /* Foundation.framework in Frameworks */ = {isa = PBXBuildFile; fileRef = 7072645A15CE0F68001F9FBF /* Foundation.framework */; };
		7072648115CE0F68001F9FBF /* InfoPlist.strings in Resources */ = {isa = PBXBuildFile; fileRef = 7072647F15CE0F68001F9FBF /* InfoPlist.strings */; };
		7072648415CE0F68001F9FBF /* AstroMathTests.m in Sources */ = {isa = PBXBuildFile; fileRef = 7072648315CE0F68001F9FBF /* AstroMathTests.m */; };
		7072649115CE1242001F9FBF /* asteroid.png in Resources */ = {isa = PBXBuildFile; fileRef = 7072648D15CE1242001F9FBF /* asteroid.png */; };
		7072649215CE1242001F9FBF /* background.png in Resources */ = {isa = PBXBuildFile; fileRef = 7072648E15CE1242001F9FBF /* background.png */; };
		7072649315CE1242001F9FBF /* eraser.png in Resources */ = {isa = PBXBuildFile; fileRef = 7072648F15CE1242001F9FBF /* eraser.png */; };
		7072649415CE1242001F9FBF /* wall.png in Resources */ = {isa = PBXBuildFile; fileRef = 7072649015CE1242001F9FBF /* wall.png */; };
/* End PBXBuildFile section */

/* Begin PBXContainerItemProxy section */
		7072647A15CE0F68001F9FBF /* PBXContainerItemProxy */ = {
			isa = PBXContainerItemProxy;
			containerPortal = 7072644B15CE0F67001F9FBF /* Project object */;
			proxyType = 1;
			remoteGlobalIDString = 7072645315CE0F68001F9FBF;
			remoteInfo = AstroMath;
		};
/* End PBXContainerItemProxy section */

/* Begin PBXFileReference section */
		7072645415CE0F68001F9FBF /* AstroMath.app */ = {isa = PBXFileReference; explicitFileType = wrapper.application; includeInIndex = 0; path = AstroMath.app; sourceTree = BUILT_PRODUCTS_DIR; };
		7072645815CE0F68001F9FBF /* UIKit.framework */ = {isa = PBXFileReference; lastKnownFileType = wrapper.framework; name = UIKit.framework; path = System/Library/Frameworks/UIKit.framework; sourceTree = SDKROOT; };
		7072645A15CE0F68001F9FBF /* Foundation.framework */ = {isa = PBXFileReference; lastKnownFileType = wrapper.framework; name = Foundation.framework; path = System/Library/Frameworks/Foundation.framework; sourceTree = SDKROOT; };
		7072645C15CE0F68001F9FBF /* CoreGraphics.framework */ = {isa = PBXFileReference; lastKnownFileType = wrapper.framework; name = CoreGraphics.framework; path = System/Library/Frameworks/CoreGraphics.framework; sourceTree = SDKROOT; };
		7072646015CE0F68001F9FBF /* AstroMath-Info.plist */ = {isa = PBXFileReference; lastKnownFileType = text.plist.xml; path = "AstroMath-Info.plist"; sourceTree = "<group>"; };
		7072646215CE0F68001F9FBF /* en */ = {isa = PBXFileReference; lastKnownFileType = text.plist.strings; name = en; path = en.lproj/InfoPlist.strings; sourceTree = "<group>"; };
		7072646415CE0F68001F9FBF /* main.m */ = {isa = PBXFileReference; lastKnownFileType = sourcecode.c.objc; path = main.m; sourceTree = "<group>"; };
		7072646615CE0F68001F9FBF /* AstroMath-Prefix.pch */ = {isa = PBXFileReference; lastKnownFileType = sourcecode.c.h; path = "AstroMath-Prefix.pch"; sourceTree = "<group>"; };
		7072646715CE0F68001F9FBF /* AppDelegate.h */ = {isa = PBXFileReference; lastKnownFileType = sourcecode.c.h; path = AppDelegate.h; sourceTree = "<group>"; };
		7072646815CE0F68001F9FBF /* AppDelegate.m */ = {isa = PBXFileReference; lastKnownFileType = sourcecode.c.objc; path = AppDelegate.m; sourceTree = "<group>"; };
		7072646A15CE0F68001F9FBF /* ViewController.h */ = {isa = PBXFileReference; lastKnownFileType = sourcecode.c.h; path = ViewController.h; sourceTree = "<group>"; };
		7072646B15CE0F68001F9FBF /* ViewController.m */ = {isa = PBXFileReference; lastKnownFileType = sourcecode.c.objc; path = ViewController.m; sourceTree = "<group>"; };
		7072646E15CE0F68001F9FBF /* en */ = {isa = PBXFileReference; lastKnownFileType = file.xib; name = en; path = en.lproj/ViewController.xib; sourceTree = "<group>"; };
		7072647515CE0F68001F9FBF /* AstroMathTests.octest */ = {isa = PBXFileReference; explicitFileType = wrapper.cfbundle; includeInIndex = 0; path = AstroMathTests.octest; sourceTree = BUILT_PRODUCTS_DIR; };
		7072647615CE0F68001F9FBF /* SenTestingKit.framework */ = {isa = PBXFileReference; lastKnownFileType = wrapper.framework; name = SenTestingKit.framework; path = Library/Frameworks/SenTestingKit.framework; sourceTree = DEVELOPER_DIR; };
		7072647E15CE0F68001F9FBF /* AstroMathTests-Info.plist */ = {isa = PBXFileReference; lastKnownFileType = text.plist.xml; path = "AstroMathTests-Info.plist"; sourceTree = "<group>"; };
		7072648015CE0F68001F9FBF /* en */ = {isa = PBXFileReference; lastKnownFileType = text.plist.strings; name = en; path = en.lproj/InfoPlist.strings; sourceTree = "<group>"; };
		7072648215CE0F68001F9FBF /* AstroMathTests.h */ = {isa = PBXFileReference; lastKnownFileType = sourcecode.c.h; path = AstroMathTests.h; sourceTree = "<group>"; };
		7072648315CE0F68001F9FBF /* AstroMathTests.m */ = {isa = PBXFileReference; lastKnownFileType = sourcecode.c.objc; path = AstroMathTests.m; sourceTree = "<group>"; };
		7072648D15CE1242001F9FBF /* asteroid.png */ = {isa = PBXFileReference; lastKnownFileType = image.png; path = asteroid.png; sourceTree = "<group>"; };
		7072648E15CE1242001F9FBF /* background.png */ = {isa = PBXFileReference; lastKnownFileType = image.png; path = background.png; sourceTree = "<group>"; };
		7072648F15CE1242001F9FBF /* eraser.png */ = {isa = PBXFileReference; lastKnownFileType = image.png; path = eraser.png; sourceTree = "<group>"; };
		7072649015CE1242001F9FBF /* wall.png */ = {isa = PBXFileReference; lastKnownFileType = image.png; path = wall.png; sourceTree = "<group>"; };
/* End PBXFileReference section */

/* Begin PBXFrameworksBuildPhase section */
		7072645115CE0F68001F9FBF /* Frameworks */ = {
			isa = PBXFrameworksBuildPhase;
			buildActionMask = 2147483647;
			files = (
				7072645915CE0F68001F9FBF /* UIKit.framework in Frameworks */,
				7072645B15CE0F68001F9FBF /* Foundation.framework in Frameworks */,
				7072645D15CE0F68001F9FBF /* CoreGraphics.framework in Frameworks */,
			);
			runOnlyForDeploymentPostprocessing = 0;
		};
		7072647115CE0F68001F9FBF /* Frameworks */ = {
			isa = PBXFrameworksBuildPhase;
			buildActionMask = 2147483647;
			files = (
				7072647715CE0F68001F9FBF /* SenTestingKit.framework in Frameworks */,
				7072647815CE0F68001F9FBF /* UIKit.framework in Frameworks */,
				7072647915CE0F68001F9FBF /* Foundation.framework in Frameworks */,
			);
			runOnlyForDeploymentPostprocessing = 0;
		};
/* End PBXFrameworksBuildPhase section */

/* Begin PBXGroup section */
		7072644915CE0F67001F9FBF = {
			isa = PBXGroup;
			children = (
				7072645E15CE0F68001F9FBF /* AstroMath */,
				7072647C15CE0F68001F9FBF /* AstroMathTests */,
				7072645715CE0F68001F9FBF /* Frameworks */,
				7072645515CE0F68001F9FBF /* Products */,
			);
			sourceTree = "<group>";
		};
		7072645515CE0F68001F9FBF /* Products */ = {
			isa = PBXGroup;
			children = (
				7072645415CE0F68001F9FBF /* AstroMath.app */,
				7072647515CE0F68001F9FBF /* AstroMathTests.octest */,
			);
			name = Products;
			sourceTree = "<group>";
		};
		7072645715CE0F68001F9FBF /* Frameworks */ = {
			isa = PBXGroup;
			children = (
				7072645815CE0F68001F9FBF /* UIKit.framework */,
				7072645A15CE0F68001F9FBF /* Foundation.framework */,
				7072645C15CE0F68001F9FBF /* CoreGraphics.framework */,
				7072647615CE0F68001F9FBF /* SenTestingKit.framework */,
			);
			name = Frameworks;
			sourceTree = "<group>";
		};
		7072645E15CE0F68001F9FBF /* AstroMath */ = {
			isa = PBXGroup;
			children = (
				7072646715CE0F68001F9FBF /* AppDelegate.h */,
				7072646815CE0F68001F9FBF /* AppDelegate.m */,
				7072646A15CE0F68001F9FBF /* ViewController.h */,
				7072646B15CE0F68001F9FBF /* ViewController.m */,
				7072646D15CE0F68001F9FBF /* ViewController.xib */,
				7072645F15CE0F68001F9FBF /* Supporting Files */,
			);
			path = AstroMath;
			sourceTree = "<group>";
		};
		7072645F15CE0F68001F9FBF /* Supporting Files */ = {
			isa = PBXGroup;
			children = (
				7072648D15CE1242001F9FBF /* asteroid.png */,
				7072648E15CE1242001F9FBF /* background.png */,
				7072648F15CE1242001F9FBF /* eraser.png */,
				7072649015CE1242001F9FBF /* wall.png */,
				7072646015CE0F68001F9FBF /* AstroMath-Info.plist */,
				7072646115CE0F68001F9FBF /* InfoPlist.strings */,
				7072646415CE0F68001F9FBF /* main.m */,
				7072646615CE0F68001F9FBF /* AstroMath-Prefix.pch */,
			);
			name = "Supporting Files";
			sourceTree = "<group>";
		};
		7072647C15CE0F68001F9FBF /* AstroMathTests */ = {
			isa = PBXGroup;
			children = (
				7072648215CE0F68001F9FBF /* AstroMathTests.h */,
				7072648315CE0F68001F9FBF /* AstroMathTests.m */,
				7072647D15CE0F68001F9FBF /* Supporting Files */,
			);
			path = AstroMathTests;
			sourceTree = "<group>";
		};
		7072647D15CE0F68001F9FBF /* Supporting Files */ = {
			isa = PBXGroup;
			children = (
				7072647E15CE0F68001F9FBF /* AstroMathTests-Info.plist */,
				7072647F15CE0F68001F9FBF /* InfoPlist.strings */,
			);
			name = "Supporting Files";
			sourceTree = "<group>";
		};
/* End PBXGroup section */

/* Begin PBXNativeTarget section */
		7072645315CE0F68001F9FBF /* AstroMath */ = {
			isa = PBXNativeTarget;
			buildConfigurationList = 7072648715CE0F68001F9FBF /* Build configuration list for PBXNativeTarget "AstroMath" */;
			buildPhases = (
				7072645015CE0F68001F9FBF /* Sources */,
				7072645115CE0F68001F9FBF /* Frameworks */,
				7072645215CE0F68001F9FBF /* Resources */,
			);
			buildRules = (
			);
			dependencies = (
			);
			name = AstroMath;
			productName = AstroMath;
			productReference = 7072645415CE0F68001F9FBF /* AstroMath.app */;
			productType = "com.apple.product-type.application";
		};
		7072647415CE0F68001F9FBF /* AstroMathTests */ = {
			isa = PBXNativeTarget;
			buildConfigurationList = 7072648A15CE0F68001F9FBF /* Build configuration list for PBXNativeTarget "AstroMathTests" */;
			buildPhases = (
				7072647015CE0F68001F9FBF /* Sources */,
				7072647115CE0F68001F9FBF /* Frameworks */,
				7072647215CE0F68001F9FBF /* Resources */,
				7072647315CE0F68001F9FBF /* ShellScript */,
			);
			buildRules = (
			);
			dependencies = (
				7072647B15CE0F68001F9FBF /* PBXTargetDependency */,
			);
			name = AstroMathTests;
			productName = AstroMathTests;
			productReference = 7072647515CE0F68001F9FBF /* AstroMathTests.octest */;
			productType = "com.apple.product-type.bundle";
		};
/* End PBXNativeTarget section */

/* Begin PBXProject section */
		7072644B15CE0F67001F9FBF /* Project object */ = {
			isa = PBXProject;
			attributes = {
				LastUpgradeCheck = 0430;
			};
			buildConfigurationList = 7072644E15CE0F67001F9FBF /* Build configuration list for PBXProject "AstroMath" */;
			compatibilityVersion = "Xcode 3.2";
			developmentRegion = English;
			hasScannedForEncodings = 0;
			knownRegions = (
				en,
			);
			mainGroup = 7072644915CE0F67001F9FBF;
			productRefGroup = 7072645515CE0F68001F9FBF /* Products */;
			projectDirPath = "";
			projectRoot = "";
			targets = (
				7072645315CE0F68001F9FBF /* AstroMath */,
				7072647415CE0F68001F9FBF /* AstroMathTests */,
			);
		};
/* End PBXProject section */

/* Begin PBXResourcesBuildPhase section */
		7072645215CE0F68001F9FBF /* Resources */ = {
			isa = PBXResourcesBuildPhase;
			buildActionMask = 2147483647;
			files = (
				7072646315CE0F68001F9FBF /* InfoPlist.strings in Resources */,
				7072646F15CE0F68001F9FBF /* ViewController.xib in Resources */,
				7072649115CE1242001F9FBF /* asteroid.png in Resources */,
				7072649215CE1242001F9FBF /* background.png in Resources */,
				7072649315CE1242001F9FBF /* eraser.png in Resources */,
				7072649415CE1242001F9FBF /* wall.png in Resources */,
			);
			runOnlyForDeploymentPostprocessing = 0;
		};
		7072647215CE0F68001F9FBF /* Resources */ = {
			isa = PBXResourcesBuildPhase;
			buildActionMask = 2147483647;
			files = (
				7072648115CE0F68001F9FBF /* InfoPlist.strings in Resources */,
			);
			runOnlyForDeploymentPostprocessing = 0;
		};
/* End PBXResourcesBuildPhase section */

/* Begin PBXShellScriptBuildPhase section */
		7072647315CE0F68001F9FBF /* ShellScript */ = {
			isa = PBXShellScriptBuildPhase;
			buildActionMask = 2147483647;
			files = (
			);
			inputPaths = (
			);
			outputPaths = (
			);
			runOnlyForDeploymentPostprocessing = 0;
			shellPath = /bin/sh;
			shellScript = "# Run the unit tests in this test bundle.\n\"${SYSTEM_DEVELOPER_DIR}/Tools/RunUnitTests\"\n";
		};
/* End PBXShellScriptBuildPhase section */

/* Begin PBXSourcesBuildPhase section */
		7072645015CE0F68001F9FBF /* Sources */ = {
			isa = PBXSourcesBuildPhase;
			buildActionMask = 2147483647;
			files = (
				7072646515CE0F68001F9FBF /* main.m in Sources */,
				7072646915CE0F68001F9FBF /* AppDelegate.m in Sources */,
				7072646C15CE0F68001F9FBF /* ViewController.m in Sources */,
			);
			runOnlyForDeploymentPostprocessing = 0;
		};
		7072647015CE0F68001F9FBF /* Sources */ = {
			isa = PBXSourcesBuildPhase;
			buildActionMask = 2147483647;
			files = (
				7072648415CE0F68001F9FBF /* AstroMathTests.m in Sources */,
			);
			runOnlyForDeploymentPostprocessing = 0;
		};
/* End PBXSourcesBuildPhase section */

/* Begin PBXTargetDependency section */
		7072647B15CE0F68001F9FBF /* PBXTargetDependency */ = {
			isa = PBXTargetDependency;
			target = 7072645315CE0F68001F9FBF /* AstroMath */;
			targetProxy = 7072647A15CE0F68001F9FBF /* PBXContainerItemProxy */;
		};
/* End PBXTargetDependency section */

/* Begin PBXVariantGroup section */
		7072646115CE0F68001F9FBF /* InfoPlist.strings */ = {
			isa = PBXVariantGroup;
			children = (
				7072646215CE0F68001F9FBF /* en */,
			);
			name = InfoPlist.strings;
			sourceTree = "<group>";
		};
		7072646D15CE0F68001F9FBF /* ViewController.xib */ = {
			isa = PBXVariantGroup;
			children = (
				7072646E15CE0F68001F9FBF /* en */,
			);
			name = ViewController.xib;
			sourceTree = "<group>";
		};
		7072647F15CE0F68001F9FBF /* InfoPlist.strings */ = {
			isa = PBXVariantGroup;
			children = (
				7072648015CE0F68001F9FBF /* en */,
			);
			name = InfoPlist.strings;
			sourceTree = "<group>";
		};
/* End PBXVariantGroup section */

/* Begin XCBuildConfiguration section */
		7072648515CE0F68001F9FBF /* Debug */ = {
			isa = XCBuildConfiguration;
			buildSettings = {
				ALWAYS_SEARCH_USER_PATHS = NO;
				ARCHS = "$(ARCHS_STANDARD_32_BIT)";
				CLANG_ENABLE_OBJC_ARC = YES;
				"CODE_SIGN_IDENTITY[sdk=iphoneos*]" = "iPhone Developer";
				COPY_PHASE_STRIP = NO;
				GCC_C_LANGUAGE_STANDARD = gnu99;
				GCC_DYNAMIC_NO_PIC = NO;
				GCC_OPTIMIZATION_LEVEL = 0;
				GCC_PREPROCESSOR_DEFINITIONS = (
					"DEBUG=1",
					"$(inherited)",
				);
				GCC_SYMBOLS_PRIVATE_EXTERN = NO;
				GCC_VERSION = com.apple.compilers.llvm.clang.1_0;
				GCC_WARN_ABOUT_RETURN_TYPE = YES;
				GCC_WARN_UNINITIALIZED_AUTOS = YES;
				GCC_WARN_UNUSED_VARIABLE = YES;
				IPHONEOS_DEPLOYMENT_TARGET = 5.1;
				SDKROOT = iphoneos;
			};
			name = Debug;
		};
		7072648615CE0F68001F9FBF /* Release */ = {
			isa = XCBuildConfiguration;
			buildSettings = {
				ALWAYS_SEARCH_USER_PATHS = NO;
				ARCHS = "$(ARCHS_STANDARD_32_BIT)";
				CLANG_ENABLE_OBJC_ARC = YES;
				"CODE_SIGN_IDENTITY[sdk=iphoneos*]" = "iPhone Developer";
				COPY_PHASE_STRIP = YES;
				GCC_C_LANGUAGE_STANDARD = gnu99;
				GCC_VERSION = com.apple.compilers.llvm.clang.1_0;
				GCC_WARN_ABOUT_RETURN_TYPE = YES;
				GCC_WARN_UNINITIALIZED_AUTOS = YES;
				GCC_WARN_UNUSED_VARIABLE = YES;
				IPHONEOS_DEPLOYMENT_TARGET = 5.1;
				OTHER_CFLAGS = "-DNS_BLOCK_ASSERTIONS=1";
				SDKROOT = iphoneos;
				VALIDATE_PRODUCT = YES;
			};
			name = Release;
		};
		7072648815CE0F68001F9FBF /* Debug */ = {
			isa = XCBuildConfiguration;
			buildSettings = {
				GCC_PRECOMPILE_PREFIX_HEADER = YES;
				GCC_PREFIX_HEADER = "AstroMath/AstroMath-Prefix.pch";
				INFOPLIST_FILE = "AstroMath/AstroMath-Info.plist";
				PRODUCT_NAME = "$(TARGET_NAME)";
				WRAPPER_EXTENSION = app;
			};
			name = Debug;
		};
		7072648915CE0F68001F9FBF /* Release */ = {
			isa = XCBuildConfiguration;
			buildSettings = {
				GCC_PRECOMPILE_PREFIX_HEADER = YES;
				GCC_PREFIX_HEADER = "AstroMath/AstroMath-Prefix.pch";
				INFOPLIST_FILE = "AstroMath/AstroMath-Info.plist";
				PRODUCT_NAME = "$(TARGET_NAME)";
				WRAPPER_EXTENSION = app;
			};
			name = Release;
		};
		7072648B15CE0F68001F9FBF /* Debug */ = {
			isa = XCBuildConfiguration;
			buildSettings = {
				BUNDLE_LOADER = "$(BUILT_PRODUCTS_DIR)/AstroMath.app/AstroMath";
				FRAMEWORK_SEARCH_PATHS = (
					"$(SDKROOT)/Developer/Library/Frameworks",
					"$(DEVELOPER_LIBRARY_DIR)/Frameworks",
				);
				GCC_PRECOMPILE_PREFIX_HEADER = YES;
				GCC_PREFIX_HEADER = "AstroMath/AstroMath-Prefix.pch";
				INFOPLIST_FILE = "AstroMathTests/AstroMathTests-Info.plist";
				PRODUCT_NAME = "$(TARGET_NAME)";
				TEST_HOST = "$(BUNDLE_LOADER)";
				WRAPPER_EXTENSION = octest;
			};
			name = Debug;
		};
		7072648C15CE0F68001F9FBF /* Release */ = {
			isa = XCBuildConfiguration;
			buildSettings = {
				BUNDLE_LOADER = "$(BUILT_PRODUCTS_DIR)/AstroMath.app/AstroMath";
				FRAMEWORK_SEARCH_PATHS = (
					"$(SDKROOT)/Developer/Library/Frameworks",
					"$(DEVELOPER_LIBRARY_DIR)/Frameworks",
				);
				GCC_PRECOMPILE_PREFIX_HEADER = YES;
				GCC_PREFIX_HEADER = "AstroMath/AstroMath-Prefix.pch";
				INFOPLIST_FILE = "AstroMathTests/AstroMathTests-Info.plist";
				PRODUCT_NAME = "$(TARGET_NAME)";
				TEST_HOST = "$(BUNDLE_LOADER)";
				WRAPPER_EXTENSION = octest;
			};
			name = Release;
		};
/* End XCBuildConfiguration section */

/* Begin XCConfigurationList section */
		7072644E15CE0F67001F9FBF /* Build configuration list for PBXProject "AstroMath" */ = {
			isa = XCConfigurationList;
			buildConfigurations = (
				7072648515CE0F68001F9FBF /* Debug */,
				7072648615CE0F68001F9FBF /* Release */,
			);
			defaultConfigurationIsVisible = 0;
			defaultConfigurationName = Release;
		};
		7072648715CE0F68001F9FBF /* Build configuration list for PBXNativeTarget "AstroMath" */ = {
			isa = XCConfigurationList;
			buildConfigurations = (
				7072648815CE0F68001F9FBF /* Debug */,
				7072648915CE0F68001F9FBF /* Release */,
			);
			defaultConfigurationIsVisible = 0;
			defaultConfigurationName = Release;
		};
		7072648A15CE0F68001F9FBF /* Build configuration list for PBXNativeTarget "AstroMathTests" */ = {
			isa = XCConfigurationList;
			buildConfigurations = (
				7072648B15CE0F68001F9FBF /* Debug */,
				7072648C15CE0F68001F9FBF /* Release */,
			);
			defaultConfigurationIsVisible = 0;
			defaultConfigurationName = Release;
		};
/* End XCConfigurationList section */
	};
	rootObject = 7072644B15CE0F67001F9FBF /* Project object */;
}
